
Microsoft Visual Studio Solution File, Format Version 12.00
# Visual Studio Version 17
VisualStudioVersion = 17.14.35906.104 d17.14
MinimumVisualStudioVersion = 10.0.40219.1
Project("{FAE04EC0-301F-11D3-BF4B-00C04F79EFBC}") = "FaturaOlustur", "FaturaOlustur.csproj", "{D3D3C952-BD25-4D02-9BCD-D9436FE6FDBD}"
EndProject
Global
	GlobalSection(SolutionConfigurationPlatforms) = preSolution
		Debug|Any CPU = Debug|Any CPU
		Release|Any CPU = Release|Any CPU
	EndGlobalSection
	GlobalSection(ProjectConfigurationPlatforms) = postSolution
		{D3D3C952-BD25-4D02-9BCD-D9436FE6FDBD}.Debug|Any CPU.ActiveCfg = Debug|Any CPU
		{D3D3C952-BD25-4D02-9BCD-D9436FE6FDBD}.Debug|Any CPU.Build.0 = Debug|Any CPU
		{D3D3C952-BD25-4D02-9BCD-D9436FE6FDBD}.Release|Any CPU.ActiveCfg = Release|Any CPU
		{D3D3C952-BD25-4D02-9BCD-D9436FE6FDBD}.Release|Any CPU.Build.0 = Release|Any CPU
	EndGlobalSection
	GlobalSection(SolutionProperties) = preSolution
		HideSolutionNode = FALSE
	EndGlobalSection
	GlobalSection(ExtensibilityGlobals) = postSolution
		SolutionGuid = {8924CD96-68E6-4DCC-B7F4-78360241CD65}
	EndGlobalSection
EndGlobal
